
Microsoft Visual Studio Solution File, Format Version 12.00
# Visual Studio Version 17
VisualStudioVersion = 17.1.32210.238
MinimumVisualStudioVersion = 10.0.40219.1
Project("{FAE04EC0-301F-11D3-BF4B-00C04F79EFBC}") = "NoWayOut", "NoWayOut\NoWayOut.csproj", "{6A4E9529-E189-4718-B0B6-1BA6DB48EEA7}"
EndProject
Global
	GlobalSection(SolutionConfigurationPlatforms) = preSolution
		Debug|Any CPU = Debug|Any CPU
		Release|Any CPU = Release|Any CPU
	EndGlobalSection
	GlobalSection(ProjectConfigurationPlatforms) = postSolution
		{6A4E9529-E189-4718-B0B6-1BA6DB48EEA7}.Debug|Any CPU.ActiveCfg = Debug|Any CPU
		{6A4E9529-E189-4718-B0B6-1BA6DB48EEA7}.Debug|Any CPU.Build.0 = Debug|Any CPU
		{6A4E9529-E189-4718-B0B6-1BA6DB48EEA7}.Release|Any CPU.ActiveCfg = Release|Any CPU
		{6A4E9529-E189-4718-B0B6-1BA6DB48EEA7}.Release|Any CPU.Build.0 = Release|Any CPU
	EndGlobalSection
	GlobalSection(SolutionProperties) = preSolution
		HideSolutionNode = FALSE
	EndGlobalSection
	GlobalSection(ExtensibilityGlobals) = postSolution
		SolutionGuid = {8DC7CCB2-350B-4B26-9F40-1D7F9785DF00}
	EndGlobalSection
EndGlobal
